// !$*UTF8*$!
{
	archiveVersion = 1;
	classes = {
	};
	objectVersion = 55;
	objects = {

/* Begin PBXBuildFile section */
		6F762F8F286F5AA400A4B81F /* ListView.swift in Sources */ = {isa = PBXBuildFile; fileRef = 6F762F8E286F5AA400A4B81F /* ListView.swift */; };
		6F762F91286F5F8800A4B81F /* podcast.json in Resources */ = {isa = PBXBuildFile; fileRef = 6F762F90286F5F8800A4B81F /* podcast.json */; };
		6FC9EEBC286A603B00B49FE1 /* podcastModel.swift in Sources */ = {isa = PBXBuildFile; fileRef = 6FC9EEBB286A603B00B49FE1 /* podcastModel.swift */; };
		6FC9EEC0286A7E1700B49FE1 /* conectionAPI.swift in Sources */ = {isa = PBXBuildFile; fileRef = 6FC9EEBF286A7E1700B49FE1 /* conectionAPI.swift */; };
		6FC9EEC2286DF03100B49FE1 /* homeView.swift in Sources */ = {isa = PBXBuildFile; fileRef = 6FC9EEC1286DF03100B49FE1 /* homeView.swift */; };
		6FDCFE012867EC73005C8EA5 /* SpotifyApp.swift in Sources */ = {isa = PBXBuildFile; fileRef = 6FDCFE002867EC73005C8EA5 /* SpotifyApp.swift */; };
		6FDCFE032867EC73005C8EA5 /* ContentView.swift in Sources */ = {isa = PBXBuildFile; fileRef = 6FDCFE022867EC73005C8EA5 /* ContentView.swift */; };
		6FDCFE052867EC77005C8EA5 /* Assets.xcassets in Resources */ = {isa = PBXBuildFile; fileRef = 6FDCFE042867EC77005C8EA5 /* Assets.xcassets */; };
		6FDCFE082867EC77005C8EA5 /* Preview Assets.xcassets in Resources */ = {isa = PBXBuildFile; fileRef = 6FDCFE072867EC77005C8EA5 /* Preview Assets.xcassets */; };
		6FDCFE102868EF1F005C8EA5 /* PodcastCardView.swift in Sources */ = {isa = PBXBuildFile; fileRef = 6FDCFE0F2868EF1F005C8EA5 /* PodcastCardView.swift */; };
		6FDCFE1E2869289E005C8EA5 /* Constants.swift in Sources */ = {isa = PBXBuildFile; fileRef = 6FDCFE1D2869289E005C8EA5 /* Constants.swift */; };
		6FDCFE2028699658005C8EA5 /* Gotham-Light.otf in Resources */ = {isa = PBXBuildFile; fileRef = 6FDCFE1F28699658005C8EA5 /* Gotham-Light.otf */; };
		6FDCFE22286996F3005C8EA5 /* Gotham-Black.otf in Resources */ = {isa = PBXBuildFile; fileRef = 6FDCFE21286996F3005C8EA5 /* Gotham-Black.otf */; };
		6FDCFE24286996FC005C8EA5 /* Gotham-Bold.otf in Resources */ = {isa = PBXBuildFile; fileRef = 6FDCFE23286996FC005C8EA5 /* Gotham-Bold.otf */; };
		6FDCFE2628699705005C8EA5 /* Gotham-Thin.otf in Resources */ = {isa = PBXBuildFile; fileRef = 6FDCFE2528699705005C8EA5 /* Gotham-Thin.otf */; };
		6FDCFE282869970F005C8EA5 /* Gotham-ExtraLight.otf in Resources */ = {isa = PBXBuildFile; fileRef = 6FDCFE272869970F005C8EA5 /* Gotham-ExtraLight.otf */; };
/* End PBXBuildFile section */

/* Begin PBXFileReference section */
		6F762F8E286F5AA400A4B81F /* ListView.swift */ = {isa = PBXFileReference; lastKnownFileType = sourcecode.swift; path = ListView.swift; sourceTree = "<group>"; };
		6F762F90286F5F8800A4B81F /* podcast.json */ = {isa = PBXFileReference; lastKnownFileType = text.json; path = podcast.json; sourceTree = "<group>"; };
		6FC9EEBB286A603B00B49FE1 /* podcastModel.swift */ = {isa = PBXFileReference; lastKnownFileType = sourcecode.swift; path = podcastModel.swift; sourceTree = "<group>"; };
		6FC9EEBF286A7E1700B49FE1 /* conectionAPI.swift */ = {isa = PBXFileReference; lastKnownFileType = sourcecode.swift; path = conectionAPI.swift; sourceTree = "<group>"; };
		6FC9EEC1286DF03100B49FE1 /* homeView.swift */ = {isa = PBXFileReference; lastKnownFileType = sourcecode.swift; path = homeView.swift; sourceTree = "<group>"; };
		6FDCFDFD2867EC73005C8EA5 /* Spotify.app */ = {isa = PBXFileReference; explicitFileType = wrapper.application; includeInIndex = 0; path = Spotify.app; sourceTree = BUILT_PRODUCTS_DIR; };
		6FDCFE002867EC73005C8EA5 /* SpotifyApp.swift */ = {isa = PBXFileReference; lastKnownFileType = sourcecode.swift; path = SpotifyApp.swift; sourceTree = "<group>"; };
		6FDCFE022867EC73005C8EA5 /* ContentView.swift */ = {isa = PBXFileReference; lastKnownFileType = sourcecode.swift; path = ContentView.swift; sourceTree = "<group>"; };
		6FDCFE042867EC77005C8EA5 /* Assets.xcassets */ = {isa = PBXFileReference; lastKnownFileType = folder.assetcatalog; path = Assets.xcassets; sourceTree = "<group>"; };
		6FDCFE072867EC77005C8EA5 /* Preview Assets.xcassets */ = {isa = PBXFileReference; lastKnownFileType = folder.assetcatalog; path = "Preview Assets.xcassets"; sourceTree = "<group>"; };
		6FDCFE0F2868EF1F005C8EA5 /* PodcastCardView.swift */ = {isa = PBXFileReference; lastKnownFileType = sourcecode.swift; path = PodcastCardView.swift; sourceTree = "<group>"; };
		6FDCFE1B286927E1005C8EA5 /* Info.plist */ = {isa = PBXFileReference; lastKnownFileType = text.plist; path = Info.plist; sourceTree = "<group>"; };
		6FDCFE1D2869289E005C8EA5 /* Constants.swift */ = {isa = PBXFileReference; lastKnownFileType = sourcecode.swift; path = Constants.swift; sourceTree = "<group>"; };
		6FDCFE1F28699658005C8EA5 /* Gotham-Light.otf */ = {isa = PBXFileReference; lastKnownFileType = file; path = "Gotham-Light.otf"; sourceTree = "<group>"; };
		6FDCFE21286996F3005C8EA5 /* Gotham-Black.otf */ = {isa = PBXFileReference; lastKnownFileType = file; path = "Gotham-Black.otf"; sourceTree = "<group>"; };
		6FDCFE23286996FC005C8EA5 /* Gotham-Bold.otf */ = {isa = PBXFileReference; lastKnownFileType = file; path = "Gotham-Bold.otf"; sourceTree = "<group>"; };
		6FDCFE2528699705005C8EA5 /* Gotham-Thin.otf */ = {isa = PBXFileReference; lastKnownFileType = file; path = "Gotham-Thin.otf"; sourceTree = "<group>"; };
		6FDCFE272869970F005C8EA5 /* Gotham-ExtraLight.otf */ = {isa = PBXFileReference; lastKnownFileType = file; path = "Gotham-ExtraLight.otf"; sourceTree = "<group>"; };
/* End PBXFileReference section */

/* Begin PBXFrameworksBuildPhase section */
		6FDCFDFA2867EC73005C8EA5 /* Frameworks */ = {
			isa = PBXFrameworksBuildPhase;
			buildActionMask = 2147483647;
			files = (
			);
			runOnlyForDeploymentPostprocessing = 0;
		};
/* End PBXFrameworksBuildPhase section */

/* Begin PBXGroup section */
		6FC9EEBA286A602600B49FE1 /* Model */ = {
			isa = PBXGroup;
			children = (
				6FC9EEBB286A603B00B49FE1 /* podcastModel.swift */,
			);
			path = Model;
			sourceTree = "<group>";
		};
		6FC9EEBD286A7DEA00B49FE1 /* Data */ = {
			isa = PBXGroup;
			children = (
				6F762F90286F5F8800A4B81F /* podcast.json */,
			);
			path = Data;
			sourceTree = "<group>";
		};
		6FC9EEBE286A7DF700B49FE1 /* ViewModel */ = {
			isa = PBXGroup;
			children = (
				6FC9EEBF286A7E1700B49FE1 /* conectionAPI.swift */,
			);
			path = ViewModel;
			sourceTree = "<group>";
		};
		6FDCFDF42867EC73005C8EA5 = {
			isa = PBXGroup;
			children = (
				6FDCFDFF2867EC73005C8EA5 /* Spotify */,
				6FDCFDFE2867EC73005C8EA5 /* Products */,
			);
			sourceTree = "<group>";
		};
		6FDCFDFE2867EC73005C8EA5 /* Products */ = {
			isa = PBXGroup;
			children = (
				6FDCFDFD2867EC73005C8EA5 /* Spotify.app */,
			);
			name = Products;
			sourceTree = "<group>";
		};
		6FDCFDFF2867EC73005C8EA5 /* Spotify */ = {
			isa = PBXGroup;
			children = (
				6FC9EEBE286A7DF700B49FE1 /* ViewModel */,
				6FC9EEBD286A7DEA00B49FE1 /* Data */,
				6FC9EEBA286A602600B49FE1 /* Model */,
				6FDCFE1B286927E1005C8EA5 /* Info.plist */,
				6FDCFE1128692794005C8EA5 /* Resource */,
				6FDCFE0E2868EED1005C8EA5 /* View */,
				6FDCFE002867EC73005C8EA5 /* SpotifyApp.swift */,
				6FDCFE022867EC73005C8EA5 /* ContentView.swift */,
				6FDCFE042867EC77005C8EA5 /* Assets.xcassets */,
				6FDCFE062867EC77005C8EA5 /* Preview Content */,
			);
			path = Spotify;
			sourceTree = "<group>";
		};
		6FDCFE062867EC77005C8EA5 /* Preview Content */ = {
			isa = PBXGroup;
			children = (
				6FDCFE072867EC77005C8EA5 /* Preview Assets.xcassets */,
			);
			path = "Preview Content";
			sourceTree = "<group>";
		};
		6FDCFE0E2868EED1005C8EA5 /* View */ = {
			isa = PBXGroup;
			children = (
				6FDCFE0F2868EF1F005C8EA5 /* PodcastCardView.swift */,
				6FC9EEC1286DF03100B49FE1 /* homeView.swift */,
				6F762F8E286F5AA400A4B81F /* ListView.swift */,
			);
			path = View;
			sourceTree = "<group>";
		};
		6FDCFE1128692794005C8EA5 /* Resource */ = {
			isa = PBXGroup;
			children = (
				6FDCFE1C28692892005C8EA5 /* Constants */,
				6FDCFE122869279E005C8EA5 /* Font */,
			);
			path = Resource;
			sourceTree = "<group>";
		};
		6FDCFE122869279E005C8EA5 /* Font */ = {
			isa = PBXGroup;
			children = (
				6FDCFE1F28699658005C8EA5 /* Gotham-Light.otf */,
				6FDCFE21286996F3005C8EA5 /* Gotham-Black.otf */,
				6FDCFE23286996FC005C8EA5 /* Gotham-Bold.otf */,
				6FDCFE2528699705005C8EA5 /* Gotham-Thin.otf */,
				6FDCFE272869970F005C8EA5 /* Gotham-ExtraLight.otf */,
			);
			path = Font;
			sourceTree = "<group>";
		};
		6FDCFE1C28692892005C8EA5 /* Constants */ = {
			isa = PBXGroup;
			children = (
				6FDCFE1D2869289E005C8EA5 /* Constants.swift */,
			);
			path = Constants;
			sourceTree = "<group>";
		};
/* End PBXGroup section */

/* Begin PBXNativeTarget section */
		6FDCFDFC2867EC73005C8EA5 /* Spotify */ = {
			isa = PBXNativeTarget;
			buildConfigurationList = 6FDCFE0B2867EC77005C8EA5 /* Build configuration list for PBXNativeTarget "Spotify" */;
			buildPhases = (
				6FDCFDF92867EC73005C8EA5 /* Sources */,
				6FDCFDFA2867EC73005C8EA5 /* Frameworks */,
				6FDCFDFB2867EC73005C8EA5 /* Resources */,
			);
			buildRules = (
			);
			dependencies = (
			);
			name = Spotify;
			productName = Spotify;
			productReference = 6FDCFDFD2867EC73005C8EA5 /* Spotify.app */;
			productType = "com.apple.product-type.application";
		};
/* End PBXNativeTarget section */

/* Begin PBXProject section */
		6FDCFDF52867EC73005C8EA5 /* Project object */ = {
			isa = PBXProject;
			attributes = {
				BuildIndependentTargetsInParallel = 1;
				LastSwiftUpdateCheck = 1340;
				LastUpgradeCheck = 1340;
				TargetAttributes = {
					6FDCFDFC2867EC73005C8EA5 = {
						CreatedOnToolsVersion = 13.4.1;
					};
				};
			};
			buildConfigurationList = 6FDCFDF82867EC73005C8EA5 /* Build configuration list for PBXProject "Spotify" */;
			compatibilityVersion = "Xcode 13.0";
			developmentRegion = en;
			hasScannedForEncodings = 0;
			knownRegions = (
				en,
				Base,
			);
			mainGroup = 6FDCFDF42867EC73005C8EA5;
			productRefGroup = 6FDCFDFE2867EC73005C8EA5 /* Products */;
			projectDirPath = "";
			projectRoot = "";
			targets = (
				6FDCFDFC2867EC73005C8EA5 /* Spotify */,
			);
		};
/* End PBXProject section */

/* Begin PBXResourcesBuildPhase section */
		6FDCFDFB2867EC73005C8EA5 /* Resources */ = {
			isa = PBXResourcesBuildPhase;
			buildActionMask = 2147483647;
			files = (
				6FDCFE282869970F005C8EA5 /* Gotham-ExtraLight.otf in Resources */,
				6FDCFE2628699705005C8EA5 /* Gotham-Thin.otf in Resources */,
				6F762F91286F5F8800A4B81F /* podcast.json in Resources */,
				6FDCFE24286996FC005C8EA5 /* Gotham-Bold.otf in Resources */,
				6FDCFE082867EC77005C8EA5 /* Preview Assets.xcassets in Resources */,
				6FDCFE22286996F3005C8EA5 /* Gotham-Black.otf in Resources */,
				6FDCFE052867EC77005C8EA5 /* Assets.xcassets in Resources */,
				6FDCFE2028699658005C8EA5 /* Gotham-Light.otf in Resources */,
			);
			runOnlyForDeploymentPostprocessing = 0;
		};
/* End PBXResourcesBuildPhase section */

/* Begin PBXSourcesBuildPhase section */
		6FDCFDF92867EC73005C8EA5 /* Sources */ = {
			isa = PBXSourcesBuildPhase;
			buildActionMask = 2147483647;
			files = (
				6F762F8F286F5AA400A4B81F /* ListView.swift in Sources */,
				6FC9EEBC286A603B00B49FE1 /* podcastModel.swift in Sources */,
				6FC9EEC0286A7E1700B49FE1 /* conectionAPI.swift in Sources */,
				6FC9EEC2286DF03100B49FE1 /* homeView.swift in Sources */,
				6FDCFE102868EF1F005C8EA5 /* PodcastCardView.swift in Sources */,
				6FDCFE032867EC73005C8EA5 /* ContentView.swift in Sources */,
				6FDCFE012867EC73005C8EA5 /* SpotifyApp.swift in Sources */,
				6FDCFE1E2869289E005C8EA5 /* Constants.swift in Sources */,
			);
			runOnlyForDeploymentPostprocessing = 0;
		};
/* End PBXSourcesBuildPhase section */

/* Begin XCBuildConfiguration section */
		6FDCFE092867EC77005C8EA5 /* Debug */ = {
			isa = XCBuildConfiguration;
			buildSettings = {
				ALWAYS_SEARCH_USER_PATHS = NO;
				CLANG_ANALYZER_NONNULL = YES;
				CLANG_ANALYZER_NUMBER_OBJECT_CONVERSION = YES_AGGRESSIVE;
				CLANG_CXX_LANGUAGE_STANDARD = "gnu++17";
				CLANG_ENABLE_MODULES = YES;
				CLANG_ENABLE_OBJC_ARC = YES;
				CLANG_ENABLE_OBJC_WEAK = YES;
				CLANG_WARN_BLOCK_CAPTURE_AUTORELEASING = YES;
				CLANG_WARN_BOOL_CONVERSION = YES;
				CLANG_WARN_COMMA = YES;
				CLANG_WARN_CONSTANT_CONVERSION = YES;
				CLANG_WARN_DEPRECATED_OBJC_IMPLEMENTATIONS = YES;
				CLANG_WARN_DIRECT_OBJC_ISA_USAGE = YES_ERROR;
				CLANG_WARN_DOCUMENTATION_COMMENTS = YES;
				CLANG_WARN_EMPTY_BODY = YES;
				CLANG_WARN_ENUM_CONVERSION = YES;
				CLANG_WARN_INFINITE_RECURSION = YES;
				CLANG_WARN_INT_CONVERSION = YES;
				CLANG_WARN_NON_LITERAL_NULL_CONVERSION = YES;
				CLANG_WARN_OBJC_IMPLICIT_RETAIN_SELF = YES;
				CLANG_WARN_OBJC_LITERAL_CONVERSION = YES;
				CLANG_WARN_OBJC_ROOT_CLASS = YES_ERROR;
				CLANG_WARN_QUOTED_INCLUDE_IN_FRAMEWORK_HEADER = YES;
				CLANG_WARN_RANGE_LOOP_ANALYSIS = YES;
				CLANG_WARN_STRICT_PROTOTYPES = YES;
				CLANG_WARN_SUSPICIOUS_MOVE = YES;
				CLANG_WARN_UNGUARDED_AVAILABILITY = YES_AGGRESSIVE;
				CLANG_WARN_UNREACHABLE_CODE = YES;
				CLANG_WARN__DUPLICATE_METHOD_MATCH = YES;
				COPY_PHASE_STRIP = NO;
				DEBUG_INFORMATION_FORMAT = dwarf;
				ENABLE_STRICT_OBJC_MSGSEND = YES;
				ENABLE_TESTABILITY = YES;
				GCC_C_LANGUAGE_STANDARD = gnu11;
				GCC_DYNAMIC_NO_PIC = NO;
				GCC_NO_COMMON_BLOCKS = YES;
				GCC_OPTIMIZATION_LEVEL = 0;
				GCC_PREPROCESSOR_DEFINITIONS = (
					"DEBUG=1",
					"$(inherited)",
				);
				GCC_WARN_64_TO_32_BIT_CONVERSION = YES;
				GCC_WARN_ABOUT_RETURN_TYPE = YES_ERROR;
				GCC_WARN_UNDECLARED_SELECTOR = YES;
				GCC_WARN_UNINITIALIZED_AUTOS = YES_AGGRESSIVE;
				GCC_WARN_UNUSED_FUNCTION = YES;
				GCC_WARN_UNUSED_VARIABLE = YES;
				IPHONEOS_DEPLOYMENT_TARGET = 15.5;
				MTL_ENABLE_DEBUG_INFO = INCLUDE_SOURCE;
				MTL_FAST_MATH = YES;
				ONLY_ACTIVE_ARCH = YES;
				SDKROOT = iphoneos;
				SWIFT_ACTIVE_COMPILATION_CONDITIONS = DEBUG;
				SWIFT_OPTIMIZATION_LEVEL = "-Onone";
			};
			name = Debug;
		};
		6FDCFE0A2867EC77005C8EA5 /* Release */ = {
			isa = XCBuildConfiguration;
			buildSettings = {
				ALWAYS_SEARCH_USER_PATHS = NO;
				CLANG_ANALYZER_NONNULL = YES;
				CLANG_ANALYZER_NUMBER_OBJECT_CONVERSION = YES_AGGRESSIVE;
				CLANG_CXX_LANGUAGE_STANDARD = "gnu++17";
				CLANG_ENABLE_MODULES = YES;
				CLANG_ENABLE_OBJC_ARC = YES;
				CLANG_ENABLE_OBJC_WEAK = YES;
				CLANG_WARN_BLOCK_CAPTURE_AUTORELEASING = YES;
				CLANG_WARN_BOOL_CONVERSION = YES;
				CLANG_WARN_COMMA = YES;
				CLANG_WARN_CONSTANT_CONVERSION = YES;
				CLANG_WARN_DEPRECATED_OBJC_IMPLEMENTATIONS = YES;
				CLANG_WARN_DIRECT_OBJC_ISA_USAGE = YES_ERROR;
				CLANG_WARN_DOCUMENTATION_COMMENTS = YES;
				CLANG_WARN_EMPTY_BODY = YES;
				CLANG_WARN_ENUM_CONVERSION = YES;
				CLANG_WARN_INFINITE_RECURSION = YES;
				CLANG_WARN_INT_CONVERSION = YES;
				CLANG_WARN_NON_LITERAL_NULL_CONVERSION = YES;
				CLANG_WARN_OBJC_IMPLICIT_RETAIN_SELF = YES;
				CLANG_WARN_OBJC_LITERAL_CONVERSION = YES;
				CLANG_WARN_OBJC_ROOT_CLASS = YES_ERROR;
				CLANG_WARN_QUOTED_INCLUDE_IN_FRAMEWORK_HEADER = YES;
				CLANG_WARN_RANGE_LOOP_ANALYSIS = YES;
				CLANG_WARN_STRICT_PROTOTYPES = YES;
				CLANG_WARN_SUSPICIOUS_MOVE = YES;
				CLANG_WARN_UNGUARDED_AVAILABILITY = YES_AGGRESSIVE;
				CLANG_WARN_UNREACHABLE_CODE = YES;
				CLANG_WARN__DUPLICATE_METHOD_MATCH = YES;
				COPY_PHASE_STRIP = NO;
				DEBUG_INFORMATION_FORMAT = "dwarf-with-dsym";
				ENABLE_NS_ASSERTIONS = NO;
				ENABLE_STRICT_OBJC_MSGSEND = YES;
				GCC_C_LANGUAGE_STANDARD = gnu11;
				GCC_NO_COMMON_BLOCKS = YES;
				GCC_WARN_64_TO_32_BIT_CONVERSION = YES;
				GCC_WARN_ABOUT_RETURN_TYPE = YES_ERROR;
				GCC_WARN_UNDECLARED_SELECTOR = YES;
				GCC_WARN_UNINITIALIZED_AUTOS = YES_AGGRESSIVE;
				GCC_WARN_UNUSED_FUNCTION = YES;
				GCC_WARN_UNUSED_VARIABLE = YES;
				IPHONEOS_DEPLOYMENT_TARGET = 15.5;
				MTL_ENABLE_DEBUG_INFO = NO;
				MTL_FAST_MATH = YES;
				SDKROOT = iphoneos;
				SWIFT_COMPILATION_MODE = wholemodule;
				SWIFT_OPTIMIZATION_LEVEL = "-O";
				VALIDATE_PRODUCT = YES;
			};
			name = Release;
		};
		6FDCFE0C2867EC77005C8EA5 /* Debug */ = {
			isa = XCBuildConfiguration;
			buildSettings = {
				ASSETCATALOG_COMPILER_APPICON_NAME = AppIcon;
				ASSETCATALOG_COMPILER_GLOBAL_ACCENT_COLOR_NAME = AccentColor;
				CODE_SIGN_STYLE = Automatic;
				CURRENT_PROJECT_VERSION = 1;
				DEVELOPMENT_ASSET_PATHS = "\"Spotify/Preview Content\"";
				DEVELOPMENT_TEAM = SU67294ZM8;
				ENABLE_PREVIEWS = YES;
				GENERATE_INFOPLIST_FILE = YES;
				INFOPLIST_FILE = Spotify/Info.plist;
				INFOPLIST_KEY_UIApplicationSceneManifest_Generation = YES;
				INFOPLIST_KEY_UIApplicationSupportsIndirectInputEvents = YES;
				INFOPLIST_KEY_UILaunchScreen_Generation = YES;
				INFOPLIST_KEY_UISupportedInterfaceOrientations_iPad = "UIInterfaceOrientationPortrait UIInterfaceOrientationPortraitUpsideDown UIInterfaceOrientationLandscapeLeft UIInterfaceOrientationLandscapeRight";
				INFOPLIST_KEY_UISupportedInterfaceOrientations_iPhone = "UIInterfaceOrientationPortrait UIInterfaceOrientationLandscapeLeft UIInterfaceOrientationLandscapeRight";
				IPHONEOS_DEPLOYMENT_TARGET = 15.0;
				LD_RUNPATH_SEARCH_PATHS = (
					"$(inherited)",
					"@executable_path/Frameworks",
				);
				MARKETING_VERSION = 1.0;
				PRODUCT_BUNDLE_IDENTIFIER = com.davidlondonog.Spotify;
				PRODUCT_NAME = "$(TARGET_NAME)";
				SWIFT_EMIT_LOC_STRINGS = YES;
				SWIFT_VERSION = 5.0;
				TARGETED_DEVICE_FAMILY = "1,2";
			};
			name = Debug;
		};
		6FDCFE0D2867EC77005C8EA5 /* Release */ = {
			isa = XCBuildConfiguration;
			buildSettings = {
				ASSETCATALOG_COMPILER_APPICON_NAME = AppIcon;
				ASSETCATALOG_COMPILER_GLOBAL_ACCENT_COLOR_NAME = AccentColor;
				CODE_SIGN_STYLE = Automatic;
				CURRENT_PROJECT_VERSION = 1;
				DEVELOPMENT_ASSET_PATHS = "\"Spotify/Preview Content\"";
				DEVELOPMENT_TEAM = SU67294ZM8;
				ENABLE_PREVIEWS = YES;
				GENERATE_INFOPLIST_FILE = YES;
				INFOPLIST_FILE = Spotify/Info.plist;
				INFOPLIST_KEY_UIApplicationSceneManifest_Generation = YES;
				INFOPLIST_KEY_UIApplicationSupportsIndirectInputEvents = YES;
				INFOPLIST_KEY_UILaunchScreen_Generation = YES;
				INFOPLIST_KEY_UISupportedInterfaceOrientations_iPad = "UIInterfaceOrientationPortrait UIInterfaceOrientationPortraitUpsideDown UIInterfaceOrientationLandscapeLeft UIInterfaceOrientationLandscapeRight";
				INFOPLIST_KEY_UISupportedInterfaceOrientations_iPhone = "UIInterfaceOrientationPortrait UIInterfaceOrientationLandscapeLeft UIInterfaceOrientationLandscapeRight";
				IPHONEOS_DEPLOYMENT_TARGET = 15.0;
				LD_RUNPATH_SEARCH_PATHS = (
					"$(inherited)",
					"@executable_path/Frameworks",
				);
				MARKETING_VERSION = 1.0;
				PRODUCT_BUNDLE_IDENTIFIER = com.davidlondonog.Spotify;
				PRODUCT_NAME = "$(TARGET_NAME)";
				SWIFT_EMIT_LOC_STRINGS = YES;
				SWIFT_VERSION = 5.0;
				TARGETED_DEVICE_FAMILY = "1,2";
			};
			name = Release;
		};
/* End XCBuildConfiguration section */

/* Begin XCConfigurationList section */
		6FDCFDF82867EC73005C8EA5 /* Build configuration list for PBXProject "Spotify" */ = {
			isa = XCConfigurationList;
			buildConfigurations = (
				6FDCFE092867EC77005C8EA5 /* Debug */,
				6FDCFE0A2867EC77005C8EA5 /* Release */,
			);
			defaultConfigurationIsVisible = 0;
			defaultConfigurationName = Release;
		};
		6FDCFE0B2867EC77005C8EA5 /* Build configuration list for PBXNativeTarget "Spotify" */ = {
			isa = XCConfigurationList;
			buildConfigurations = (
				6FDCFE0C2867EC77005C8EA5 /* Debug */,
				6FDCFE0D2867EC77005C8EA5 /* Release */,
			);
			defaultConfigurationIsVisible = 0;
			defaultConfigurationName = Release;
		};
/* End XCConfigurationList section */
	};
	rootObject = 6FDCFDF52867EC73005C8EA5 /* Project object */;
}
